Microsoft Visual Studio Solution File, Format Version 12.00
# Visual Studio Version 17
VisualStudioVersion = 17.5.2.0
MinimumVisualStudioVersion = 10.0.40219.1
Project("{FAE04EC0-301F-11D3-BF4B-00C04F79EFBC}") = "mvc-auth-demo", "mvc-auth-demo.csproj", "{50BF6B5E-855D-28E5-B3A5-8049C3ACECEF}"
EndProject
Global
	GlobalSection(SolutionConfigurationPlatforms) = preSolution
		Debug|Any CPU = Debug|Any CPU
		Release|Any CPU = Release|Any CPU
	EndGlobalSection
	GlobalSection(ProjectConfigurationPlatforms) = postSolution
		{50BF6B5E-855D-28E5-B3A5-8049C3ACECEF}.Debug|Any CPU.ActiveCfg = Debug|Any CPU
		{50BF6B5E-855D-28E5-B3A5-8049C3ACECEF}.Debug|Any CPU.Build.0 = Debug|Any CPU
		{50BF6B5E-855D-28E5-B3A5-8049C3ACECEF}.Release|Any CPU.ActiveCfg = Release|Any CPU
		{50BF6B5E-855D-28E5-B3A5-8049C3ACECEF}.Release|Any CPU.Build.0 = Release|Any CPU
	EndGlobalSection
	GlobalSection(SolutionProperties) = preSolution
		HideSolutionNode = FALSE
	EndGlobalSection
	GlobalSection(ExtensibilityGlobals) = postSolution
		SolutionGuid = {564E0B73-CD9B-4596-9672-0ADDDBB36594}
	EndGlobalSection
EndGlobal
