Microsoft Visual Studio Solution File, Format Version 12.00
# Visual Studio Version 17
VisualStudioVersion = 17.5.2.0
MinimumVisualStudioVersion = 10.0.40219.1
Project("{FAE04EC0-301F-11D3-BF4B-00C04F79EFBC}") = "sampleprogram", "sampleprogram.csproj", "{1D085C30-D263-036D-C126-6D9F041571A3}"
EndProject
Global
	GlobalSection(SolutionConfigurationPlatforms) = preSolution
		Debug|Any CPU = Debug|Any CPU
		Release|Any CPU = Release|Any CPU
	EndGlobalSection
	GlobalSection(ProjectConfigurationPlatforms) = postSolution
		{1D085C30-D263-036D-C126-6D9F041571A3}.Debug|Any CPU.ActiveCfg = Debug|Any CPU
		{1D085C30-D263-036D-C126-6D9F041571A3}.Debug|Any CPU.Build.0 = Debug|Any CPU
		{1D085C30-D263-036D-C126-6D9F041571A3}.Release|Any CPU.ActiveCfg = Release|Any CPU
		{1D085C30-D263-036D-C126-6D9F041571A3}.Release|Any CPU.Build.0 = Release|Any CPU
	EndGlobalSection
	GlobalSection(SolutionProperties) = preSolution
		HideSolutionNode = FALSE
	EndGlobalSection
	GlobalSection(ExtensibilityGlobals) = postSolution
		SolutionGuid = {60ED2C93-F22A-4AC3-BC7D-1966F96C6BF4}
	EndGlobalSection
EndGlobal
