Microsoft Visual Studio Solution File, Format Version 12.00
# Visual Studio Version 17
VisualStudioVersion = 17.5.2.0
MinimumVisualStudioVersion = 10.0.40219.1
Project("{FAE04EC0-301F-11D3-BF4B-00C04F79EFBC}") = "rep-pattern-demo", "rep-pattern-demo.csproj", "{6AFDED1D-4714-892B-9BAB-FDA3C1891FC8}"
EndProject
Global
	GlobalSection(SolutionConfigurationPlatforms) = preSolution
		Debug|Any CPU = Debug|Any CPU
		Release|Any CPU = Release|Any CPU
	EndGlobalSection
	GlobalSection(ProjectConfigurationPlatforms) = postSolution
		{6AFDED1D-4714-892B-9BAB-FDA3C1891FC8}.Debug|Any CPU.ActiveCfg = Debug|Any CPU
		{6AFDED1D-4714-892B-9BAB-FDA3C1891FC8}.Debug|Any CPU.Build.0 = Debug|Any CPU
		{6AFDED1D-4714-892B-9BAB-FDA3C1891FC8}.Release|Any CPU.ActiveCfg = Release|Any CPU
		{6AFDED1D-4714-892B-9BAB-FDA3C1891FC8}.Release|Any CPU.Build.0 = Release|Any CPU
	EndGlobalSection
	GlobalSection(SolutionProperties) = preSolution
		HideSolutionNode = FALSE
	EndGlobalSection
	GlobalSection(ExtensibilityGlobals) = postSolution
		SolutionGuid = {18CD1CE9-1617-4249-8B98-778D81C2007A}
	EndGlobalSection
EndGlobal
