Microsoft Visual Studio Solution File, Format Version 12.00
# Visual Studio Version 17
VisualStudioVersion = 17.5.2.0
MinimumVisualStudioVersion = 10.0.40219.1
Project("{FAE04EC0-301F-11D3-BF4B-00C04F79EFBC}") = "MvcAuthDemo", "MvcAuthDemo.csproj", "{8C43BE0F-BC0D-8A96-7DD9-6981ADDB4C64}"
EndProject
Global
	GlobalSection(SolutionConfigurationPlatforms) = preSolution
		Debug|Any CPU = Debug|Any CPU
		Release|Any CPU = Release|Any CPU
	EndGlobalSection
	GlobalSection(ProjectConfigurationPlatforms) = postSolution
		{8C43BE0F-BC0D-8A96-7DD9-6981ADDB4C64}.Debug|Any CPU.ActiveCfg = Debug|Any CPU
		{8C43BE0F-BC0D-8A96-7DD9-6981ADDB4C64}.Debug|Any CPU.Build.0 = Debug|Any CPU
		{8C43BE0F-BC0D-8A96-7DD9-6981ADDB4C64}.Release|Any CPU.ActiveCfg = Release|Any CPU
		{8C43BE0F-BC0D-8A96-7DD9-6981ADDB4C64}.Release|Any CPU.Build.0 = Release|Any CPU
	EndGlobalSection
	GlobalSection(SolutionProperties) = preSolution
		HideSolutionNode = FALSE
	EndGlobalSection
	GlobalSection(ExtensibilityGlobals) = postSolution
		SolutionGuid = {B2006C78-7D14-412A-B03C-ECCD2F4D99D4}
	EndGlobalSection
EndGlobal
